// !$*UTF8*$!
{
	archiveVersion = 1;
	classes = {
	};
	objectVersion = 51;
	objects = {

/* Begin PBXBuildFile section */
		0BDD2984239CA35396A2F3E6 /* Pods_Currency_Convertor.framework in Frameworks */ = {isa = PBXBuildFile; fileRef = 944CA2E3EAF1B9C371A02A28 /* Pods_Currency_Convertor.framework */; };
		0F60AE1D26C63ED20010D1F0 /* AppDelegate.swift in Sources */ = {isa = PBXBuildFile; fileRef = 0F60AE1C26C63ED20010D1F0 /* AppDelegate.swift */; };
		0F60AE1F26C63ED20010D1F0 /* SceneDelegate.swift in Sources */ = {isa = PBXBuildFile; fileRef = 0F60AE1E26C63ED20010D1F0 /* SceneDelegate.swift */; };
		0F60AE2426C63ED20010D1F0 /* Main.storyboard in Resources */ = {isa = PBXBuildFile; fileRef = 0F60AE2226C63ED20010D1F0 /* Main.storyboard */; };
		0F60AE2626C63ED30010D1F0 /* Assets.xcassets in Resources */ = {isa = PBXBuildFile; fileRef = 0F60AE2526C63ED30010D1F0 /* Assets.xcassets */; };
		0F60AE2926C63ED30010D1F0 /* LaunchScreen.storyboard in Resources */ = {isa = PBXBuildFile; fileRef = 0F60AE2726C63ED30010D1F0 /* LaunchScreen.storyboard */; };
		0F60AE3426C63ED40010D1F0 /* Currency_ConvertorTests.swift in Sources */ = {isa = PBXBuildFile; fileRef = 0F60AE3326C63ED40010D1F0 /* Currency_ConvertorTests.swift */; };
		0F60AE4E26C642C40010D1F0 /* CurrencyConvertorViewController.swift in Sources */ = {isa = PBXBuildFile; fileRef = 0F60AE4D26C642C40010D1F0 /* CurrencyConvertorViewController.swift */; };
		0F60AE5126C64C350010D1F0 /* ExchangeRateCollectionViewCell.swift in Sources */ = {isa = PBXBuildFile; fileRef = 0F60AE5026C64C350010D1F0 /* ExchangeRateCollectionViewCell.swift */; };
		0F60AE5426C64EEE0010D1F0 /* String+Extension.swift in Sources */ = {isa = PBXBuildFile; fileRef = 0F60AE5326C64EEE0010D1F0 /* String+Extension.swift */; };
		0F60AE5726C66A430010D1F0 /* Currency.swift in Sources */ = {isa = PBXBuildFile; fileRef = 0F60AE5626C66A430010D1F0 /* Currency.swift */; };
		0F60AE5A26C66D150010D1F0 /* WebService.swift in Sources */ = {isa = PBXBuildFile; fileRef = 0F60AE5926C66D150010D1F0 /* WebService.swift */; };
		0F60AE5D26C66F000010D1F0 /* CurrencyViewModel.swift in Sources */ = {isa = PBXBuildFile; fileRef = 0F60AE5C26C66F000010D1F0 /* CurrencyViewModel.swift */; };
		0F60AE6026C671FB0010D1F0 /* Constants.swift in Sources */ = {isa = PBXBuildFile; fileRef = 0F60AE5F26C671FB0010D1F0 /* Constants.swift */; };
		680DC108F5B8E65C5D56F470 /* Pods_Currency_ConvertorTests.framework in Frameworks */ = {isa = PBXBuildFile; fileRef = 7EE907B4B1DAC5B4397E14ED /* Pods_Currency_ConvertorTests.framework */; };
/* End PBXBuildFile section */

/* Begin PBXContainerItemProxy section */
		0F60AE3026C63ED40010D1F0 /* PBXContainerItemProxy */ = {
			isa = PBXContainerItemProxy;
			containerPortal = 0F60AE1126C63ED10010D1F0 /* Project object */;
			proxyType = 1;
			remoteGlobalIDString = 0F60AE1826C63ED10010D1F0;
			remoteInfo = "Currency Convertor";
		};
/* End PBXContainerItemProxy section */

/* Begin PBXFileReference section */
		0F60AE1926C63ED10010D1F0 /* Currency Convertor.app */ = {isa = PBXFileReference; explicitFileType = wrapper.application; includeInIndex = 0; path = "Currency Convertor.app"; sourceTree = BUILT_PRODUCTS_DIR; };
		0F60AE1C26C63ED20010D1F0 /* AppDelegate.swift */ = {isa = PBXFileReference; lastKnownFileType = sourcecode.swift; path = AppDelegate.swift; sourceTree = "<group>"; };
		0F60AE1E26C63ED20010D1F0 /* SceneDelegate.swift */ = {isa = PBXFileReference; lastKnownFileType = sourcecode.swift; path = SceneDelegate.swift; sourceTree = "<group>"; };
		0F60AE2326C63ED20010D1F0 /* Base */ = {isa = PBXFileReference; lastKnownFileType = file.storyboard; name = Base; path = Base.lproj/Main.storyboard; sourceTree = "<group>"; };
		0F60AE2526C63ED30010D1F0 /* Assets.xcassets */ = {isa = PBXFileReference; lastKnownFileType = folder.assetcatalog; path = Assets.xcassets; sourceTree = "<group>"; };
		0F60AE2826C63ED30010D1F0 /* Base */ = {isa = PBXFileReference; lastKnownFileType = file.storyboard; name = Base; path = Base.lproj/LaunchScreen.storyboard; sourceTree = "<group>"; };
		0F60AE2A26C63ED30010D1F0 /* Info.plist */ = {isa = PBXFileReference; lastKnownFileType = text.plist.xml; path = Info.plist; sourceTree = "<group>"; };
		0F60AE2F26C63ED40010D1F0 /* Currency ConvertorTests.xctest */ = {isa = PBXFileReference; explicitFileType = wrapper.cfbundle; includeInIndex = 0; path = "Currency ConvertorTests.xctest"; sourceTree = BUILT_PRODUCTS_DIR; };
		0F60AE3326C63ED40010D1F0 /* Currency_ConvertorTests.swift */ = {isa = PBXFileReference; lastKnownFileType = sourcecode.swift; path = Currency_ConvertorTests.swift; sourceTree = "<group>"; };
		0F60AE3526C63ED40010D1F0 /* Info.plist */ = {isa = PBXFileReference; lastKnownFileType = text.plist.xml; path = Info.plist; sourceTree = "<group>"; };
		0F60AE3E26C63ED40010D1F0 /* Currency_ConvertorUITests.swift */ = {isa = PBXFileReference; lastKnownFileType = sourcecode.swift; path = Currency_ConvertorUITests.swift; sourceTree = "<group>"; };
		0F60AE4026C63ED40010D1F0 /* Info.plist */ = {isa = PBXFileReference; lastKnownFileType = text.plist.xml; path = Info.plist; sourceTree = "<group>"; };
		0F60AE4D26C642C40010D1F0 /* CurrencyConvertorViewController.swift */ = {isa = PBXFileReference; lastKnownFileType = sourcecode.swift; path = CurrencyConvertorViewController.swift; sourceTree = "<group>"; };
		0F60AE5026C64C350010D1F0 /* ExchangeRateCollectionViewCell.swift */ = {isa = PBXFileReference; lastKnownFileType = sourcecode.swift; path = ExchangeRateCollectionViewCell.swift; sourceTree = "<group>"; };
		0F60AE5326C64EEE0010D1F0 /* String+Extension.swift */ = {isa = PBXFileReference; lastKnownFileType = sourcecode.swift; path = "String+Extension.swift"; sourceTree = "<group>"; };
		0F60AE5626C66A430010D1F0 /* Currency.swift */ = {isa = PBXFileReference; lastKnownFileType = sourcecode.swift; path = Currency.swift; sourceTree = "<group>"; };
		0F60AE5926C66D150010D1F0 /* WebService.swift */ = {isa = PBXFileReference; lastKnownFileType = sourcecode.swift; path = WebService.swift; sourceTree = "<group>"; };
		0F60AE5C26C66F000010D1F0 /* CurrencyViewModel.swift */ = {isa = PBXFileReference; lastKnownFileType = sourcecode.swift; path = CurrencyViewModel.swift; sourceTree = "<group>"; };
		0F60AE5F26C671FB0010D1F0 /* Constants.swift */ = {isa = PBXFileReference; lastKnownFileType = sourcecode.swift; path = Constants.swift; sourceTree = "<group>"; };
		330093159A460EB7CC57F082 /* Pods-Currency Convertor.debug.xcconfig */ = {isa = PBXFileReference; includeInIndex = 1; lastKnownFileType = text.xcconfig; name = "Pods-Currency Convertor.debug.xcconfig"; path = "Target Support Files/Pods-Currency Convertor/Pods-Currency Convertor.debug.xcconfig"; sourceTree = "<group>"; };
		35C7905F850533A375B41245 /* Pods-Currency Convertor-Currency ConvertorUITests.release.xcconfig */ = {isa = PBXFileReference; includeInIndex = 1; lastKnownFileType = text.xcconfig; name = "Pods-Currency Convertor-Currency ConvertorUITests.release.xcconfig"; path = "Target Support Files/Pods-Currency Convertor-Currency ConvertorUITests/Pods-Currency Convertor-Currency ConvertorUITests.release.xcconfig"; sourceTree = "<group>"; };
		5F14742FCE09E451A9C4B8BA /* Pods-Currency Convertor-Currency ConvertorUITests.debug.xcconfig */ = {isa = PBXFileReference; includeInIndex = 1; lastKnownFileType = text.xcconfig; name = "Pods-Currency Convertor-Currency ConvertorUITests.debug.xcconfig"; path = "Target Support Files/Pods-Currency Convertor-Currency ConvertorUITests/Pods-Currency Convertor-Currency ConvertorUITests.debug.xcconfig"; sourceTree = "<group>"; };
		716BCB906A88A0016DB1BCB9 /* Pods-Currency Convertor.release.xcconfig */ = {isa = PBXFileReference; includeInIndex = 1; lastKnownFileType = text.xcconfig; name = "Pods-Currency Convertor.release.xcconfig"; path = "Target Support Files/Pods-Currency Convertor/Pods-Currency Convertor.release.xcconfig"; sourceTree = "<group>"; };
		748E1F798A36AA2768FC06E8 /* Pods-Currency ConvertorTests.release.xcconfig */ = {isa = PBXFileReference; includeInIndex = 1; lastKnownFileType = text.xcconfig; name = "Pods-Currency ConvertorTests.release.xcconfig"; path = "Target Support Files/Pods-Currency ConvertorTests/Pods-Currency ConvertorTests.release.xcconfig"; sourceTree = "<group>"; };
		7EE907B4B1DAC5B4397E14ED /* Pods_Currency_ConvertorTests.framework */ = {isa = PBXFileReference; explicitFileType = wrapper.framework; includeInIndex = 0; path = Pods_Currency_ConvertorTests.framework; sourceTree = BUILT_PRODUCTS_DIR; };
		944CA2E3EAF1B9C371A02A28 /* Pods_Currency_Convertor.framework */ = {isa = PBXFileReference; explicitFileType = wrapper.framework; includeInIndex = 0; path = Pods_Currency_Convertor.framework; sourceTree = BUILT_PRODUCTS_DIR; };
		99F3A157C3AE916EDCE3DA94 /* Pods-Currency ConvertorTests.debug.xcconfig */ = {isa = PBXFileReference; includeInIndex = 1; lastKnownFileType = text.xcconfig; name = "Pods-Currency ConvertorTests.debug.xcconfig"; path = "Target Support Files/Pods-Currency ConvertorTests/Pods-Currency ConvertorTests.debug.xcconfig"; sourceTree = "<group>"; };
		E62E69026E53EF437C24104E /* Pods_Currency_Convertor_Currency_ConvertorUITests.framework */ = {isa = PBXFileReference; explicitFileType = wrapper.framework; includeInIndex = 0; path = Pods_Currency_Convertor_Currency_ConvertorUITests.framework; sourceTree = BUILT_PRODUCTS_DIR; };
/* End PBXFileReference section */

/* Begin PBXFrameworksBuildPhase section */
		0F60AE1626C63ED10010D1F0 /* Frameworks */ = {
			isa = PBXFrameworksBuildPhase;
			buildActionMask = 2147483647;
			files = (
				0BDD2984239CA35396A2F3E6 /* Pods_Currency_Convertor.framework in Frameworks */,
			);
			runOnlyForDeploymentPostprocessing = 0;
		};
		0F60AE2C26C63ED40010D1F0 /* Frameworks */ = {
			isa = PBXFrameworksBuildPhase;
			buildActionMask = 2147483647;
			files = (
				680DC108F5B8E65C5D56F470 /* Pods_Currency_ConvertorTests.framework in Frameworks */,
			);
			runOnlyForDeploymentPostprocessing = 0;
		};
/* End PBXFrameworksBuildPhase section */

/* Begin PBXGroup section */
		0F60AE1026C63ED10010D1F0 = {
			isa = PBXGroup;
			children = (
				0F60AE1B26C63ED10010D1F0 /* Currency Convertor */,
				0F60AE3226C63ED40010D1F0 /* Currency ConvertorTests */,
				0F60AE3D26C63ED40010D1F0 /* Currency ConvertorUITests */,
				0F60AE1A26C63ED10010D1F0 /* Products */,
				F2E0B4F1A38388612A3F8405 /* Pods */,
				72E49E22297DC7C8D74E3BF8 /* Frameworks */,
			);
			sourceTree = "<group>";
		};
		0F60AE1A26C63ED10010D1F0 /* Products */ = {
			isa = PBXGroup;
			children = (
				0F60AE1926C63ED10010D1F0 /* Currency Convertor.app */,
				0F60AE2F26C63ED40010D1F0 /* Currency ConvertorTests.xctest */,
			);
			name = Products;
			sourceTree = "<group>";
		};
		0F60AE1B26C63ED10010D1F0 /* Currency Convertor */ = {
			isa = PBXGroup;
			children = (
				0F60AE6126C688FD0010D1F0 /* Misc */,
				0F60AE5226C64EE20010D1F0 /* Extensions */,
				0F60AE5E26C671EF0010D1F0 /* Utils */,
				0F60AE5526C669450010D1F0 /* Models */,
				0F60AE4C26C642920010D1F0 /* Views */,
				0F60AE5B26C66EDB0010D1F0 /* View Models */,
				0F60AE5826C66CD90010D1F0 /* Web Services */,
				0F60AE2226C63ED20010D1F0 /* Main.storyboard */,
				0F60AE2A26C63ED30010D1F0 /* Info.plist */,
			);
			path = "Currency Convertor";
			sourceTree = "<group>";
		};
		0F60AE3226C63ED40010D1F0 /* Currency ConvertorTests */ = {
			isa = PBXGroup;
			children = (
				0F60AE3326C63ED40010D1F0 /* Currency_ConvertorTests.swift */,
				0F60AE3526C63ED40010D1F0 /* Info.plist */,
			);
			path = "Currency ConvertorTests";
			sourceTree = "<group>";
		};
		0F60AE3D26C63ED40010D1F0 /* Currency ConvertorUITests */ = {
			isa = PBXGroup;
			children = (
				0F60AE3E26C63ED40010D1F0 /* Currency_ConvertorUITests.swift */,
				0F60AE4026C63ED40010D1F0 /* Info.plist */,
			);
			path = "Currency ConvertorUITests";
			sourceTree = "<group>";
		};
		0F60AE4C26C642920010D1F0 /* Views */ = {
			isa = PBXGroup;
			children = (
				0F60AE4F26C64C0C0010D1F0 /* Currency Cell */,
				0F60AE4D26C642C40010D1F0 /* CurrencyConvertorViewController.swift */,
			);
			path = Views;
			sourceTree = "<group>";
		};
		0F60AE4F26C64C0C0010D1F0 /* Currency Cell */ = {
			isa = PBXGroup;
			children = (
				0F60AE5026C64C350010D1F0 /* ExchangeRateCollectionViewCell.swift */,
			);
			path = "Currency Cell";
			sourceTree = "<group>";
		};
		0F60AE5226C64EE20010D1F0 /* Extensions */ = {
			isa = PBXGroup;
			children = (
				0F60AE5326C64EEE0010D1F0 /* String+Extension.swift */,
			);
			path = Extensions;
			sourceTree = "<group>";
		};
		0F60AE5526C669450010D1F0 /* Models */ = {
			isa = PBXGroup;
			children = (
				0F60AE5626C66A430010D1F0 /* Currency.swift */,
			);
			path = Models;
			sourceTree = "<group>";
		};
		0F60AE5826C66CD90010D1F0 /* Web Services */ = {
			isa = PBXGroup;
			children = (
				0F60AE5926C66D150010D1F0 /* WebService.swift */,
			);
			path = "Web Services";
			sourceTree = "<group>";
		};
		0F60AE5B26C66EDB0010D1F0 /* View Models */ = {
			isa = PBXGroup;
			children = (
				0F60AE5C26C66F000010D1F0 /* CurrencyViewModel.swift */,
			);
			path = "View Models";
			sourceTree = "<group>";
		};
		0F60AE5E26C671EF0010D1F0 /* Utils */ = {
			isa = PBXGroup;
			children = (
				0F60AE5F26C671FB0010D1F0 /* Constants.swift */,
			);
			path = Utils;
			sourceTree = "<group>";
		};
		0F60AE6126C688FD0010D1F0 /* Misc */ = {
			isa = PBXGroup;
			children = (
				0F60AE1C26C63ED20010D1F0 /* AppDelegate.swift */,
				0F60AE1E26C63ED20010D1F0 /* SceneDelegate.swift */,
				0F60AE2526C63ED30010D1F0 /* Assets.xcassets */,
				0F60AE2726C63ED30010D1F0 /* LaunchScreen.storyboard */,
			);
			path = Misc;
			sourceTree = "<group>";
		};
		72E49E22297DC7C8D74E3BF8 /* Frameworks */ = {
			isa = PBXGroup;
			children = (
				944CA2E3EAF1B9C371A02A28 /* Pods_Currency_Convertor.framework */,
				E62E69026E53EF437C24104E /* Pods_Currency_Convertor_Currency_ConvertorUITests.framework */,
				7EE907B4B1DAC5B4397E14ED /* Pods_Currency_ConvertorTests.framework */,
			);
			name = Frameworks;
			sourceTree = "<group>";
		};
		F2E0B4F1A38388612A3F8405 /* Pods */ = {
			isa = PBXGroup;
			children = (
				330093159A460EB7CC57F082 /* Pods-Currency Convertor.debug.xcconfig */,
				716BCB906A88A0016DB1BCB9 /* Pods-Currency Convertor.release.xcconfig */,
				5F14742FCE09E451A9C4B8BA /* Pods-Currency Convertor-Currency ConvertorUITests.debug.xcconfig */,
				35C7905F850533A375B41245 /* Pods-Currency Convertor-Currency ConvertorUITests.release.xcconfig */,
				99F3A157C3AE916EDCE3DA94 /* Pods-Currency ConvertorTests.debug.xcconfig */,
				748E1F798A36AA2768FC06E8 /* Pods-Currency ConvertorTests.release.xcconfig */,
			);
			path = Pods;
			sourceTree = "<group>";
		};
/* End PBXGroup section */

/* Begin PBXNativeTarget section */
		0F60AE1826C63ED10010D1F0 /* Currency Convertor */ = {
			isa = PBXNativeTarget;
			buildConfigurationList = 0F60AE4326C63ED40010D1F0 /* Build configuration list for PBXNativeTarget "Currency Convertor" */;
			buildPhases = (
				9136ED1D65698DFF694F8E20 /* [CP] Check Pods Manifest.lock */,
				0F60AE1526C63ED10010D1F0 /* Sources */,
				0F60AE1626C63ED10010D1F0 /* Frameworks */,
				0F60AE1726C63ED10010D1F0 /* Resources */,
				46CE123442ED4AB7CAFDF1E9 /* [CP] Embed Pods Frameworks */,
			);
			buildRules = (
			);
			dependencies = (
			);
			name = "Currency Convertor";
			productName = "Currency Convertor";
			productReference = 0F60AE1926C63ED10010D1F0 /* Currency Convertor.app */;
			productType = "com.apple.product-type.application";
		};
		0F60AE2E26C63ED40010D1F0 /* Currency ConvertorTests */ = {
			isa = PBXNativeTarget;
			buildConfigurationList = 0F60AE4626C63ED40010D1F0 /* Build configuration list for PBXNativeTarget "Currency ConvertorTests" */;
			buildPhases = (
				38D050AE71E00BFBA09829E7 /* [CP] Check Pods Manifest.lock */,
				0F60AE2B26C63ED40010D1F0 /* Sources */,
				0F60AE2C26C63ED40010D1F0 /* Frameworks */,
				0F60AE2D26C63ED40010D1F0 /* Resources */,
			);
			buildRules = (
			);
			dependencies = (
				0F60AE3126C63ED40010D1F0 /* PBXTargetDependency */,
			);
			name = "Currency ConvertorTests";
			productName = "Currency ConvertorTests";
			productReference = 0F60AE2F26C63ED40010D1F0 /* Currency ConvertorTests.xctest */;
			productType = "com.apple.product-type.bundle.unit-test";
		};
/* End PBXNativeTarget section */

/* Begin PBXProject section */
		0F60AE1126C63ED10010D1F0 /* Project object */ = {
			isa = PBXProject;
			attributes = {
				LastSwiftUpdateCheck = 1250;
				LastUpgradeCheck = 1250;
				TargetAttributes = {
					0F60AE1826C63ED10010D1F0 = {
						CreatedOnToolsVersion = 12.5.1;
					};
					0F60AE2E26C63ED40010D1F0 = {
						CreatedOnToolsVersion = 12.5.1;
						TestTargetID = 0F60AE1826C63ED10010D1F0;
					};
				};
			};
			buildConfigurationList = 0F60AE1426C63ED10010D1F0 /* Build configuration list for PBXProject "Currency Convertor" */;
			compatibilityVersion = "Xcode 9.3";
			developmentRegion = en;
			hasScannedForEncodings = 0;
			knownRegions = (
				en,
				Base,
			);
			mainGroup = 0F60AE1026C63ED10010D1F0;
			productRefGroup = 0F60AE1A26C63ED10010D1F0 /* Products */;
			projectDirPath = "";
			projectRoot = "";
			targets = (
				0F60AE1826C63ED10010D1F0 /* Currency Convertor */,
				0F60AE2E26C63ED40010D1F0 /* Currency ConvertorTests */,
			);
		};
/* End PBXProject section */

/* Begin PBXResourcesBuildPhase section */
		0F60AE1726C63ED10010D1F0 /* Resources */ = {
			isa = PBXResourcesBuildPhase;
			buildActionMask = 2147483647;
			files = (
				0F60AE2926C63ED30010D1F0 /* LaunchScreen.storyboard in Resources */,
				0F60AE2626C63ED30010D1F0 /* Assets.xcassets in Resources */,
				0F60AE2426C63ED20010D1F0 /* Main.storyboard in Resources */,
			);
			runOnlyForDeploymentPostprocessing = 0;
		};
		0F60AE2D26C63ED40010D1F0 /* Resources */ = {
			isa = PBXResourcesBuildPhase;
			buildActionMask = 2147483647;
			files = (
			);
			runOnlyForDeploymentPostprocessing = 0;
		};
/* End PBXResourcesBuildPhase section */

/* Begin PBXShellScriptBuildPhase section */
		38D050AE71E00BFBA09829E7 /* [CP] Check Pods Manifest.lock */ = {
			isa = PBXShellScriptBuildPhase;
			buildActionMask = 2147483647;
			files = (
			);
			inputFileListPaths = (
			);
			inputPaths = (
				"${PODS_PODFILE_DIR_PATH}/Podfile.lock",
				"${PODS_ROOT}/Manifest.lock",
			);
			name = "[CP] Check Pods Manifest.lock";
			outputFileListPaths = (
			);
			outputPaths = (
				"$(DERIVED_FILE_DIR)/Pods-Currency ConvertorTests-checkManifestLockResult.txt",
			);
			runOnlyForDeploymentPostprocessing = 0;
			shellPath = /bin/sh;
			shellScript = "diff \"${PODS_PODFILE_DIR_PATH}/Podfile.lock\" \"${PODS_ROOT}/Manifest.lock\" > /dev/null\nif [ $? != 0 ] ; then\n    # print error to STDERR\n    echo \"error: The sandbox is not in sync with the Podfile.lock. Run 'pod install' or update your CocoaPods installation.\" >&2\n    exit 1\nfi\n# This output is used by Xcode 'outputs' to avoid re-running this script phase.\necho \"SUCCESS\" > \"${SCRIPT_OUTPUT_FILE_0}\"\n";
			showEnvVarsInLog = 0;
		};
		46CE123442ED4AB7CAFDF1E9 /* [CP] Embed Pods Frameworks */ = {
			isa = PBXShellScriptBuildPhase;
			buildActionMask = 2147483647;
			files = (
			);
			inputFileListPaths = (
				"${PODS_ROOT}/Target Support Files/Pods-Currency Convertor/Pods-Currency Convertor-frameworks-${CONFIGURATION}-input-files.xcfilelist",
			);
			name = "[CP] Embed Pods Frameworks";
			outputFileListPaths = (
				"${PODS_ROOT}/Target Support Files/Pods-Currency Convertor/Pods-Currency Convertor-frameworks-${CONFIGURATION}-output-files.xcfilelist",
			);
			runOnlyForDeploymentPostprocessing = 0;
			shellPath = /bin/sh;
			shellScript = "\"${PODS_ROOT}/Target Support Files/Pods-Currency Convertor/Pods-Currency Convertor-frameworks.sh\"\n";
			showEnvVarsInLog = 0;
		};
		9136ED1D65698DFF694F8E20 /* [CP] Check Pods Manifest.lock */ = {
			isa = PBXShellScriptBuildPhase;
			buildActionMask = 2147483647;
			files = (
			);
			inputFileListPaths = (
			);
			inputPaths = (
				"${PODS_PODFILE_DIR_PATH}/Podfile.lock",
				"${PODS_ROOT}/Manifest.lock",
			);
			name = "[CP] Check Pods Manifest.lock";
			outputFileListPaths = (
			);
			outputPaths = (
				"$(DERIVED_FILE_DIR)/Pods-Currency Convertor-checkManifestLockResult.txt",
			);
			runOnlyForDeploymentPostprocessing = 0;
			shellPath = /bin/sh;
			shellScript = "diff \"${PODS_PODFILE_DIR_PATH}/Podfile.lock\" \"${PODS_ROOT}/Manifest.lock\" > /dev/null\nif [ $? != 0 ] ; then\n    # print error to STDERR\n    echo \"error: The sandbox is not in sync with the Podfile.lock. Run 'pod install' or update your CocoaPods installation.\" >&2\n    exit 1\nfi\n# This output is used by Xcode 'outputs' to avoid re-running this script phase.\necho \"SUCCESS\" > \"${SCRIPT_OUTPUT_FILE_0}\"\n";
			showEnvVarsInLog = 0;
		};
/* End PBXShellScriptBuildPhase section */

/* Begin PBXSourcesBuildPhase section */
		0F60AE1526C63ED10010D1F0 /* Sources */ = {
			isa = PBXSourcesBuildPhase;
			buildActionMask = 2147483647;
			files = (
				0F60AE5726C66A430010D1F0 /* Currency.swift in Sources */,
				0F60AE5D26C66F000010D1F0 /* CurrencyViewModel.swift in Sources */,
				0F60AE1D26C63ED20010D1F0 /* AppDelegate.swift in Sources */,
				0F60AE5A26C66D150010D1F0 /* WebService.swift in Sources */,
				0F60AE5126C64C350010D1F0 /* ExchangeRateCollectionViewCell.swift in Sources */,
				0F60AE1F26C63ED20010D1F0 /* SceneDelegate.swift in Sources */,
				0F60AE5426C64EEE0010D1F0 /* String+Extension.swift in Sources */,
				0F60AE4E26C642C40010D1F0 /* CurrencyConvertorViewController.swift in Sources */,
				0F60AE6026C671FB0010D1F0 /* Constants.swift in Sources */,
			);
			runOnlyForDeploymentPostprocessing = 0;
		};
		0F60AE2B26C63ED40010D1F0 /* Sources */ = {
			isa = PBXSourcesBuildPhase;
			buildActionMask = 2147483647;
			files = (
				0F60AE3426C63ED40010D1F0 /* Currency_ConvertorTests.swift in Sources */,
			);
			runOnlyForDeploymentPostprocessing = 0;
		};
/* End PBXSourcesBuildPhase section */

/* Begin PBXTargetDependency section */
		0F60AE3126C63ED40010D1F0 /* PBXTargetDependency */ = {
			isa = PBXTargetDependency;
			target = 0F60AE1826C63ED10010D1F0 /* Currency Convertor */;
			targetProxy = 0F60AE3026C63ED40010D1F0 /* PBXContainerItemProxy */;
		};
/* End PBXTargetDependency section */

/* Begin PBXVariantGroup section */
		0F60AE2226C63ED20010D1F0 /* Main.storyboard */ = {
			isa = PBXVariantGroup;
			children = (
				0F60AE2326C63ED20010D1F0 /* Base */,
			);
			name = Main.storyboard;
			sourceTree = "<group>";
		};
		0F60AE2726C63ED30010D1F0 /* LaunchScreen.storyboard */ = {
			isa = PBXVariantGroup;
			children = (
				0F60AE2826C63ED30010D1F0 /* Base */,
			);
			name = LaunchScreen.storyboard;
			sourceTree = "<group>";
		};
/* End PBXVariantGroup section */

/* Begin XCBuildConfiguration section */
		0F60AE4126C63ED40010D1F0 /* Debug */ = {
			isa = XCBuildConfiguration;
			buildSettings = {
				ALWAYS_SEARCH_USER_PATHS = NO;
				CLANG_ANALYZER_NONNULL = YES;
				CLANG_ANALYZER_NUMBER_OBJECT_CONVERSION = YES_AGGRESSIVE;
				CLANG_CXX_LANGUAGE_STANDARD = "gnu++14";
				CLANG_CXX_LIBRARY = "libc++";
				CLANG_ENABLE_MODULES = YES;
				CLANG_ENABLE_OBJC_ARC = YES;
				CLANG_ENABLE_OBJC_WEAK = YES;
				CLANG_WARN_BLOCK_CAPTURE_AUTORELEASING = YES;
				CLANG_WARN_BOOL_CONVERSION = YES;
				CLANG_WARN_COMMA = YES;
				CLANG_WARN_CONSTANT_CONVERSION = YES;
				CLANG_WARN_DEPRECATED_OBJC_IMPLEMENTATIONS = YES;
				CLANG_WARN_DIRECT_OBJC_ISA_USAGE = YES_ERROR;
				CLANG_WARN_DOCUMENTATION_COMMENTS = YES;
				CLANG_WARN_EMPTY_BODY = YES;
				CLANG_WARN_ENUM_CONVERSION = YES;
				CLANG_WARN_INFINITE_RECURSION = YES;
				CLANG_WARN_INT_CONVERSION = YES;
				CLANG_WARN_NON_LITERAL_NULL_CONVERSION = YES;
				CLANG_WARN_OBJC_IMPLICIT_RETAIN_SELF = YES;
				CLANG_WARN_OBJC_LITERAL_CONVERSION = YES;
				CLANG_WARN_OBJC_ROOT_CLASS = YES_ERROR;
				CLANG_WARN_QUOTED_INCLUDE_IN_FRAMEWORK_HEADER = YES;
				CLANG_WARN_RANGE_LOOP_ANALYSIS = YES;
				CLANG_WARN_STRICT_PROTOTYPES = YES;
				CLANG_WARN_SUSPICIOUS_MOVE = YES;
				CLANG_WARN_UNGUARDED_AVAILABILITY = YES_AGGRESSIVE;
				CLANG_WARN_UNREACHABLE_CODE = YES;
				CLANG_WARN__DUPLICATE_METHOD_MATCH = YES;
				COPY_PHASE_STRIP = NO;
				DEBUG_INFORMATION_FORMAT = dwarf;
				ENABLE_STRICT_OBJC_MSGSEND = YES;
				ENABLE_TESTABILITY = YES;
				GCC_C_LANGUAGE_STANDARD = gnu11;
				GCC_DYNAMIC_NO_PIC = NO;
				GCC_NO_COMMON_BLOCKS = YES;
				GCC_OPTIMIZATION_LEVEL = 0;
				GCC_PREPROCESSOR_DEFINITIONS = (
					"DEBUG=1",
					"$(inherited)",
				);
				GCC_WARN_64_TO_32_BIT_CONVERSION = YES;
				GCC_WARN_ABOUT_RETURN_TYPE = YES_ERROR;
				GCC_WARN_UNDECLARED_SELECTOR = YES;
				GCC_WARN_UNINITIALIZED_AUTOS = YES_AGGRESSIVE;
				GCC_WARN_UNUSED_FUNCTION = YES;
				GCC_WARN_UNUSED_VARIABLE = YES;
				IPHONEOS_DEPLOYMENT_TARGET = 14.5;
				MTL_ENABLE_DEBUG_INFO = INCLUDE_SOURCE;
				MTL_FAST_MATH = YES;
				ONLY_ACTIVE_ARCH = YES;
				PRODUCT_NAME = "Exchange Rates";
				SDKROOT = iphoneos;
				SWIFT_ACTIVE_COMPILATION_CONDITIONS = DEBUG;
				SWIFT_OPTIMIZATION_LEVEL = "-Onone";
			};
			name = Debug;
		};
		0F60AE4226C63ED40010D1F0 /* Release */ = {
			isa = XCBuildConfiguration;
			buildSettings = {
				ALWAYS_SEARCH_USER_PATHS = NO;
				CLANG_ANALYZER_NONNULL = YES;
				CLANG_ANALYZER_NUMBER_OBJECT_CONVERSION = YES_AGGRESSIVE;
				CLANG_CXX_LANGUAGE_STANDARD = "gnu++14";
				CLANG_CXX_LIBRARY = "libc++";
				CLANG_ENABLE_MODULES = YES;
				CLANG_ENABLE_OBJC_ARC = YES;
				CLANG_ENABLE_OBJC_WEAK = YES;
				CLANG_WARN_BLOCK_CAPTURE_AUTORELEASING = YES;
				CLANG_WARN_BOOL_CONVERSION = YES;
				CLANG_WARN_COMMA = YES;
				CLANG_WARN_CONSTANT_CONVERSION = YES;
				CLANG_WARN_DEPRECATED_OBJC_IMPLEMENTATIONS = YES;
				CLANG_WARN_DIRECT_OBJC_ISA_USAGE = YES_ERROR;
				CLANG_WARN_DOCUMENTATION_COMMENTS = YES;
				CLANG_WARN_EMPTY_BODY = YES;
				CLANG_WARN_ENUM_CONVERSION = YES;
				CLANG_WARN_INFINITE_RECURSION = YES;
				CLANG_WARN_INT_CONVERSION = YES;
				CLANG_WARN_NON_LITERAL_NULL_CONVERSION = YES;
				CLANG_WARN_OBJC_IMPLICIT_RETAIN_SELF = YES;
				CLANG_WARN_OBJC_LITERAL_CONVERSION = YES;
				CLANG_WARN_OBJC_ROOT_CLASS = YES_ERROR;
				CLANG_WARN_QUOTED_INCLUDE_IN_FRAMEWORK_HEADER = YES;
				CLANG_WARN_RANGE_LOOP_ANALYSIS = YES;
				CLANG_WARN_STRICT_PROTOTYPES = YES;
				CLANG_WARN_SUSPICIOUS_MOVE = YES;
				CLANG_WARN_UNGUARDED_AVAILABILITY = YES_AGGRESSIVE;
				CLANG_WARN_UNREACHABLE_CODE = YES;
				CLANG_WARN__DUPLICATE_METHOD_MATCH = YES;
				COPY_PHASE_STRIP = NO;
				DEBUG_INFORMATION_FORMAT = "dwarf-with-dsym";
				ENABLE_NS_ASSERTIONS = NO;
				ENABLE_STRICT_OBJC_MSGSEND = YES;
				GCC_C_LANGUAGE_STANDARD = gnu11;
				GCC_NO_COMMON_BLOCKS = YES;
				GCC_WARN_64_TO_32_BIT_CONVERSION = YES;
				GCC_WARN_ABOUT_RETURN_TYPE = YES_ERROR;
				GCC_WARN_UNDECLARED_SELECTOR = YES;
				GCC_WARN_UNINITIALIZED_AUTOS = YES_AGGRESSIVE;
				GCC_WARN_UNUSED_FUNCTION = YES;
				GCC_WARN_UNUSED_VARIABLE = YES;
				IPHONEOS_DEPLOYMENT_TARGET = 14.5;
				MTL_ENABLE_DEBUG_INFO = NO;
				MTL_FAST_MATH = YES;
				PRODUCT_NAME = "Exchange Rates";
				SDKROOT = iphoneos;
				SWIFT_COMPILATION_MODE = wholemodule;
				SWIFT_OPTIMIZATION_LEVEL = "-O";
				VALIDATE_PRODUCT = YES;
			};
			name = Release;
		};
		0F60AE4426C63ED40010D1F0 /* Debug */ = {
			isa = XCBuildConfiguration;
			baseConfigurationReference = 330093159A460EB7CC57F082 /* Pods-Currency Convertor.debug.xcconfig */;
			buildSettings = {
				ASSETCATALOG_COMPILER_APPICON_NAME = AppIcon;
				ASSETCATALOG_COMPILER_GLOBAL_ACCENT_COLOR_NAME = AccentColor;
				CODE_SIGN_STYLE = Automatic;
				INFOPLIST_FILE = "Currency Convertor/Info.plist";
				LD_RUNPATH_SEARCH_PATHS = (
					"$(inherited)",
					"@executable_path/Frameworks",
				);
				PRODUCT_BUNDLE_IDENTIFIER = "com.dhanaraj.Currency-Convertor";
				PRODUCT_NAME = "$(TARGET_NAME)";
				SWIFT_VERSION = 5.0;
				TARGETED_DEVICE_FAMILY = "1,2";
			};
			name = Debug;
		};
		0F60AE4526C63ED40010D1F0 /* Release */ = {
			isa = XCBuildConfiguration;
			baseConfigurationReference = 716BCB906A88A0016DB1BCB9 /* Pods-Currency Convertor.release.xcconfig */;
			buildSettings = {
				ASSETCATALOG_COMPILER_APPICON_NAME = AppIcon;
				ASSETCATALOG_COMPILER_GLOBAL_ACCENT_COLOR_NAME = AccentColor;
				CODE_SIGN_STYLE = Automatic;
				INFOPLIST_FILE = "Currency Convertor/Info.plist";
				LD_RUNPATH_SEARCH_PATHS = (
					"$(inherited)",
					"@executable_path/Frameworks",
				);
				PRODUCT_BUNDLE_IDENTIFIER = "com.dhanaraj.Currency-Convertor";
				PRODUCT_NAME = "$(TARGET_NAME)";
				SWIFT_VERSION = 5.0;
				TARGETED_DEVICE_FAMILY = "1,2";
			};
			name = Release;
		};
		0F60AE4726C63ED40010D1F0 /* Debug */ = {
			isa = XCBuildConfiguration;
			baseConfigurationReference = 99F3A157C3AE916EDCE3DA94 /* Pods-Currency ConvertorTests.debug.xcconfig */;
			buildSettings = {
				ALWAYS_EMBED_SWIFT_STANDARD_LIBRARIES = YES;
				BUNDLE_LOADER = "$(TEST_HOST)";
				CODE_SIGN_STYLE = Automatic;
				INFOPLIST_FILE = "Currency ConvertorTests/Info.plist";
				IPHONEOS_DEPLOYMENT_TARGET = 14.5;
				LD_RUNPATH_SEARCH_PATHS = (
					"$(inherited)",
					"@executable_path/Frameworks",
					"@loader_path/Frameworks",
				);
				PRODUCT_BUNDLE_IDENTIFIER = "com.dhanaraj.Currency-ConvertorTests";
				PRODUCT_NAME = "$(TARGET_NAME)";
				SWIFT_VERSION = 5.0;
				TARGETED_DEVICE_FAMILY = "1,2";
				TEST_HOST = "$(BUILT_PRODUCTS_DIR)/Currency Convertor.app/Currency Convertor";
			};
			name = Debug;
		};
		0F60AE4826C63ED40010D1F0 /* Release */ = {
			isa = XCBuildConfiguration;
			baseConfigurationReference = 748E1F798A36AA2768FC06E8 /* Pods-Currency ConvertorTests.release.xcconfig */;
			buildSettings = {
				ALWAYS_EMBED_SWIFT_STANDARD_LIBRARIES = YES;
				BUNDLE_LOADER = "$(TEST_HOST)";
				CODE_SIGN_STYLE = Automatic;
				INFOPLIST_FILE = "Currency ConvertorTests/Info.plist";
				IPHONEOS_DEPLOYMENT_TARGET = 14.5;
				LD_RUNPATH_SEARCH_PATHS = (
					"$(inherited)",
					"@executable_path/Frameworks",
					"@loader_path/Frameworks",
				);
				PRODUCT_BUNDLE_IDENTIFIER = "com.dhanaraj.Currency-ConvertorTests";
				PRODUCT_NAME = "$(TARGET_NAME)";
				SWIFT_VERSION = 5.0;
				TARGETED_DEVICE_FAMILY = "1,2";
				TEST_HOST = "$(BUILT_PRODUCTS_DIR)/Currency Convertor.app/Currency Convertor";
			};
			name = Release;
		};
/* End XCBuildConfiguration section */

/* Begin XCConfigurationList section */
		0F60AE1426C63ED10010D1F0 /* Build configuration list for PBXProject "Currency Convertor" */ = {
			isa = XCConfigurationList;
			buildConfigurations = (
				0F60AE4126C63ED40010D1F0 /* Debug */,
				0F60AE4226C63ED40010D1F0 /* Release */,
			);
			defaultConfigurationIsVisible = 0;
			defaultConfigurationName = Release;
		};
		0F60AE4326C63ED40010D1F0 /* Build configuration list for PBXNativeTarget "Currency Convertor" */ = {
			isa = XCConfigurationList;
			buildConfigurations = (
				0F60AE4426C63ED40010D1F0 /* Debug */,
				0F60AE4526C63ED40010D1F0 /* Release */,
			);
			defaultConfigurationIsVisible = 0;
			defaultConfigurationName = Release;
		};
		0F60AE4626C63ED40010D1F0 /* Build configuration list for PBXNativeTarget "Currency ConvertorTests" */ = {
			isa = XCConfigurationList;
			buildConfigurations = (
				0F60AE4726C63ED40010D1F0 /* Debug */,
				0F60AE4826C63ED40010D1F0 /* Release */,
			);
			defaultConfigurationIsVisible = 0;
			defaultConfigurationName = Release;
		};
/* End XCConfigurationList section */
	};
	rootObject = 0F60AE1126C63ED10010D1F0 /* Project object */;
}
